<?xml version="1.0" encoding="utf-8"?>
<Project ToolsVersion="4.0" xmlns="http://schemas.microsoft.com/developer/msbuild/2003">
  <ItemGroup>
    <Filter Include="source">
      <UniqueIdentifier>{17b52914-d3a8-4d2f-811d-95e04c21a9e9}</UniqueIdentifier>
    </Filter>
    <Filter Include="thirdparty">
      <UniqueIdentifier>{d3833842-2ef8-4fd3-afde-34a3a6d7d8f8}</UniqueIdentifier>
    </Filter>
    <Filter Include="thirdparty\imgui">
      <UniqueIdentifier>{865b5f49-c3b8-47b9-94be-04c985dba26f}</UniqueIdentifier>
    </Filter>
    <Filter Include="thirdparty\imgui\backends">
      <UniqueIdentifier>{68c12fd2-c630-4e01-b177-9b8ef44d2275}</UniqueIdentifier>
    </Filter>
  </ItemGroup>
  <ItemGroup>
    <ClInclude Include="loader.h">
      <Filter>source</Filter>
    </ClInclude>
    <ClInclude Include="..\thirdparty\imgui\imconfig.h">
      <Filter>thirdparty\imgui</Filter>
    </ClInclude>
    <ClInclude Include="..\thirdparty\imgui\imgui.h">
      <Filter>thirdparty\imgui</Filter>
    </ClInclude>
    <ClInclude Include="..\thirdparty\imgui\imgui_internal.h">
      <Filter>thirdparty\imgui</Filter>
    </ClInclude>
    <ClInclude Include="..\thirdparty\imgui\imgui_tricks.hpp">
      <Filter>thirdparty\imgui</Filter>
    </ClInclude>
    <ClInclude Include="..\thirdparty\imgui\imstb_rectpack.h">
      <Filter>thirdparty\imgui</Filter>
    </ClInclude>
    <ClInclude Include="..\thirdparty\imgui\imstb_textedit.h">
      <Filter>thirdparty\imgui</Filter>
    </ClInclude>
    <ClInclude Include="..\thirdparty\imgui\imstb_truetype.h">
      <Filter>thirdparty\imgui</Filter>
    </ClInclude>
    <ClInclude Include="..\thirdparty\imgui\backends\imgui_impl_dx11.h">
      <Filter>thirdparty\imgui\backends</Filter>
    </ClInclude>
    <ClInclude Include="..\thirdparty\imgui\backends\imgui_impl_win32.h">
      <Filter>thirdparty\imgui\backends</Filter>
    </ClInclude>
    <ClInclude Include="directx.h">
      <Filter>source</Filter>
    </ClInclude>
    <ClInclude Include="inject.h">
      <Filter>source</Filter>
    </ClInclude>
  </ItemGroup>
  <ItemGroup>
    <ClCompile Include="loader.cpp">
      <Filter>source</Filter>
    </ClCompile>
    <ClCompile Include="..\thirdparty\imgui\imgui.cpp">
      <Filter>thirdparty\imgui</Filter>
    </ClCompile>
    <ClCompile Include="..\thirdparty\imgui\imgui_demo.cpp">
      <Filter>thirdparty\imgui</Filter>
    </ClCompile>
    <ClCompile Include="..\thirdparty\imgui\imgui_draw.cpp">
      <Filter>thirdparty\imgui</Filter>
    </ClCompile>
    <ClCompile Include="..\thirdparty\imgui\imgui_tables.cpp">
      <Filter>thirdparty\imgui</Filter>
    </ClCompile>
    <ClCompile Include="..\thirdparty\imgui\imgui_tricks.cpp">
      <Filter>thirdparty\imgui</Filter>
    </ClCompile>
    <ClCompile Include="..\thirdparty\imgui\imgui_widgets.cpp">
      <Filter>thirdparty\imgui</Filter>
    </ClCompile>
    <ClCompile Include="..\thirdparty\imgui\backends\imgui_impl_dx11.cpp">
      <Filter>thirdparty\imgui\backends</Filter>
    </ClCompile>
    <ClCompile Include="..\thirdparty\imgui\backends\imgui_impl_win32.cpp">
      <Filter>thirdparty\imgui\backends</Filter>
    </ClCompile>
    <ClCompile Include="directx.cpp">
      <Filter>source</Filter>
    </ClCompile>
    <ClCompile Include="inject.cpp">
      <Filter>source</Filter>
    </ClCompile>
  </ItemGroup>
</Project>